
Microsoft Visual Studio Solution File, Format Version 12.00
Project("{FAE04EC0-301F-11D3-BF4B-00C04F79EFBC}") = "MigrationTool", "MigrationTool\MigrationTool.csproj", "{58D3B40E-41F7-4F76-B73A-A8A7ADBB090C}"
EndProject
Project("{FAE04EC0-301F-11D3-BF4B-00C04F79EFBC}") = "Migrator", "Migrator\Migrator.csproj", "{9DADE2F4-F502-485B-B7AA-E5CC870F135E}"
EndProject
Project("{FAE04EC0-301F-11D3-BF4B-00C04F79EFBC}") = "MigrationPanel", "MigrationPanel\MigrationPanel.csproj", "{F1B6EBA5-EFA5-40BC-92AD-E5ED9F462AFD}"
EndProject
Global
	GlobalSection(SolutionConfigurationPlatforms) = preSolution
		Debug|Any CPU = Debug|Any CPU
		Release|Any CPU = Release|Any CPU
	EndGlobalSection
	GlobalSection(ProjectConfigurationPlatforms) = postSolution
		{58D3B40E-41F7-4F76-B73A-A8A7ADBB090C}.Debug|Any CPU.ActiveCfg = Debug|Any CPU
		{58D3B40E-41F7-4F76-B73A-A8A7ADBB090C}.Debug|Any CPU.Build.0 = Debug|Any CPU
		{58D3B40E-41F7-4F76-B73A-A8A7ADBB090C}.Release|Any CPU.ActiveCfg = Release|Any CPU
		{58D3B40E-41F7-4F76-B73A-A8A7ADBB090C}.Release|Any CPU.Build.0 = Release|Any CPU
		{9DADE2F4-F502-485B-B7AA-E5CC870F135E}.Debug|Any CPU.ActiveCfg = Debug|Any CPU
		{9DADE2F4-F502-485B-B7AA-E5CC870F135E}.Debug|Any CPU.Build.0 = Debug|Any CPU
		{9DADE2F4-F502-485B-B7AA-E5CC870F135E}.Release|Any CPU.ActiveCfg = Release|Any CPU
		{9DADE2F4-F502-485B-B7AA-E5CC870F135E}.Release|Any CPU.Build.0 = Release|Any CPU
		{F1B6EBA5-EFA5-40BC-92AD-E5ED9F462AFD}.Debug|Any CPU.ActiveCfg = Debug|Any CPU
		{F1B6EBA5-EFA5-40BC-92AD-E5ED9F462AFD}.Debug|Any CPU.Build.0 = Debug|Any CPU
		{F1B6EBA5-EFA5-40BC-92AD-E5ED9F462AFD}.Release|Any CPU.ActiveCfg = Release|Any CPU
		{F1B6EBA5-EFA5-40BC-92AD-E5ED9F462AFD}.Release|Any CPU.Build.0 = Release|Any CPU
	EndGlobalSection
EndGlobal
